
Microsoft Visual Studio Solution File, Format Version 12.00
# Visual Studio Version 16
VisualStudioVersion = 16.0.30503.244
MinimumVisualStudioVersion = 10.0.40219.1
Project("{FAE04EC0-301F-11D3-BF4B-00C04F79EFBC}") = "EBIX-WEBAPI", "EBIX-WEBAPI.csproj", "{C09E3FE2-63F6-4A98-AD9C-8EE788EB47CF}"
EndProject
Global
	GlobalSection(SolutionConfigurationPlatforms) = preSolution
		Debug|Any CPU = Debug|Any CPU
		Release|Any CPU = Release|Any CPU
	EndGlobalSection
	GlobalSection(ProjectConfigurationPlatforms) = postSolution
		{C09E3FE2-63F6-4A98-AD9C-8EE788EB47CF}.Debug|Any CPU.ActiveCfg = Debug|Any CPU
		{C09E3FE2-63F6-4A98-AD9C-8EE788EB47CF}.Debug|Any CPU.Build.0 = Debug|Any CPU
		{C09E3FE2-63F6-4A98-AD9C-8EE788EB47CF}.Release|Any CPU.ActiveCfg = Release|Any CPU
		{C09E3FE2-63F6-4A98-AD9C-8EE788EB47CF}.Release|Any CPU.Build.0 = Release|Any CPU
	EndGlobalSection
	GlobalSection(SolutionProperties) = preSolution
		HideSolutionNode = FALSE
	EndGlobalSection
	GlobalSection(ExtensibilityGlobals) = postSolution
		SolutionGuid = {88AB3B1F-2730-4877-A0CF-1E57820B7458}
	EndGlobalSection
EndGlobal
